
Microsoft Visual Studio Solution File, Format Version 12.00
# Visual Studio Version 17
VisualStudioVersion = 17.5.33516.290
MinimumVisualStudioVersion = 10.0.40219.1
Project("{8BC9CEB8-8B4A-11D0-8D11-00A0C91BC942}") = "member initializer list", "member initializer list\member initializer list.vcxproj", "{BA73C111-2024-444A-AECF-C270F0BF2EE6}"
EndProject
Global
	GlobalSection(SolutionConfigurationPlatforms) = preSolution
		Debug|x64 = Debug|x64
		Debug|x86 = Debug|x86
		Release|x64 = Release|x64
		Release|x86 = Release|x86
	EndGlobalSection
	GlobalSection(ProjectConfigurationPlatforms) = postSolution
		{BA73C111-2024-444A-AECF-C270F0BF2EE6}.Debug|x64.ActiveCfg = Debug|x64
		{BA73C111-2024-444A-AECF-C270F0BF2EE6}.Debug|x64.Build.0 = Debug|x64
		{BA73C111-2024-444A-AECF-C270F0BF2EE6}.Debug|x86.ActiveCfg = Debug|Win32
		{BA73C111-2024-444A-AECF-C270F0BF2EE6}.Debug|x86.Build.0 = Debug|Win32
		{BA73C111-2024-444A-AECF-C270F0BF2EE6}.Release|x64.ActiveCfg = Release|x64
		{BA73C111-2024-444A-AECF-C270F0BF2EE6}.Release|x64.Build.0 = Release|x64
		{BA73C111-2024-444A-AECF-C270F0BF2EE6}.Release|x86.ActiveCfg = Release|Win32
		{BA73C111-2024-444A-AECF-C270F0BF2EE6}.Release|x86.Build.0 = Release|Win32
	EndGlobalSection
	GlobalSection(SolutionProperties) = preSolution
		HideSolutionNode = FALSE
	EndGlobalSection
	GlobalSection(ExtensibilityGlobals) = postSolution
		SolutionGuid = {55F18F70-9CFC-4AB5-B456-95F54BB9ACC1}
	EndGlobalSection
EndGlobal
